<?xml version="1.0" encoding="utf-8"?>
<Project ToolsVersion="4.0" xmlns="http://schemas.microsoft.com/developer/msbuild/2003">
  <ItemGroup>
    <ClCompile Include="main.cpp" />
  </ItemGroup>
  <ItemGroup>
    <Filter Include="eauth">
      <UniqueIdentifier>{21acdf3c-e198-4797-8d8f-85557c161ff6}</UniqueIdentifier>
    </Filter>
  </ItemGroup>
  <ItemGroup>
    <ClInclude Include="eauth\eauth.h">
      <Filter>eauth</Filter>
    </ClInclude>
  </ItemGroup>
  <ItemGroup>
    <Library Include="eauth\Eauth-CPP-Library.lib">
      <Filter>eauth</Filter>
    </Library>
    <Library Include="eauth\libcurl_a.lib" />
  </ItemGroup>
</Project>